
Microsoft Visual Studio Solution File, Format Version 12.00
# Visual Studio Version 16
VisualStudioVersion = 16.0.30517.126
MinimumVisualStudioVersion = 10.0.40219.1
Project("{FAE04EC0-301F-11D3-BF4B-00C04F79EFBC}") = "DictionaryEx", "DictionaryEx\DictionaryEx.csproj", "{C0FCFADF-2290-46FF-8196-DD49ACD8CE53}"
EndProject
Global
	GlobalSection(SolutionConfigurationPlatforms) = preSolution
		Debug|Any CPU = Debug|Any CPU
		Release|Any CPU = Release|Any CPU
	EndGlobalSection
	GlobalSection(ProjectConfigurationPlatforms) = postSolution
		{C0FCFADF-2290-46FF-8196-DD49ACD8CE53}.Debug|Any CPU.ActiveCfg = Debug|Any CPU
		{C0FCFADF-2290-46FF-8196-DD49ACD8CE53}.Debug|Any CPU.Build.0 = Debug|Any CPU
		{C0FCFADF-2290-46FF-8196-DD49ACD8CE53}.Release|Any CPU.ActiveCfg = Release|Any CPU
		{C0FCFADF-2290-46FF-8196-DD49ACD8CE53}.Release|Any CPU.Build.0 = Release|Any CPU
	EndGlobalSection
	GlobalSection(SolutionProperties) = preSolution
		HideSolutionNode = FALSE
	EndGlobalSection
	GlobalSection(ExtensibilityGlobals) = postSolution
		SolutionGuid = {A21399BF-AB97-4265-BD44-013F73D4025C}
	EndGlobalSection
EndGlobal
